
Microsoft Visual Studio Solution File, Format Version 12.00
# Visual Studio Version 17
VisualStudioVersion = 17.14.36603.0 d17.14
MinimumVisualStudioVersion = 10.0.40219.1
Project("{FAE04EC0-301F-11D3-BF4B-00C04F79EFBC}") = "ModelViewsTask", "ModelViewsTask\ModelViewsTask.csproj", "{201F9374-85B8-470C-8BFB-DB779D6895BA}"
EndProject
Global
	GlobalSection(SolutionConfigurationPlatforms) = preSolution
		Debug|Any CPU = Debug|Any CPU
		Release|Any CPU = Release|Any CPU
	EndGlobalSection
	GlobalSection(ProjectConfigurationPlatforms) = postSolution
		{201F9374-85B8-470C-8BFB-DB779D6895BA}.Debug|Any CPU.ActiveCfg = Debug|Any CPU
		{201F9374-85B8-470C-8BFB-DB779D6895BA}.Debug|Any CPU.Build.0 = Debug|Any CPU
		{201F9374-85B8-470C-8BFB-DB779D6895BA}.Release|Any CPU.ActiveCfg = Release|Any CPU
		{201F9374-85B8-470C-8BFB-DB779D6895BA}.Release|Any CPU.Build.0 = Release|Any CPU
	EndGlobalSection
	GlobalSection(SolutionProperties) = preSolution
		HideSolutionNode = FALSE
	EndGlobalSection
	GlobalSection(ExtensibilityGlobals) = postSolution
		SolutionGuid = {BD448B93-61E1-42AB-AAE4-5513CB905709}
	EndGlobalSection
EndGlobal
