
Microsoft Visual Studio Solution File, Format Version 12.00
# Visual Studio Version 17
VisualStudioVersion = 17.14.36811.4 d17.14
MinimumVisualStudioVersion = 10.0.40219.1
Project("{FAE04EC0-301F-11D3-BF4B-00C04F79EFBC}") = "Simulation6", "Simulation6\Simulation6.csproj", "{AF6B2E67-A9AE-474F-9C3E-B82989764E78}"
EndProject
Global
	GlobalSection(SolutionConfigurationPlatforms) = preSolution
		Debug|Any CPU = Debug|Any CPU
		Release|Any CPU = Release|Any CPU
	EndGlobalSection
	GlobalSection(ProjectConfigurationPlatforms) = postSolution
		{AF6B2E67-A9AE-474F-9C3E-B82989764E78}.Debug|Any CPU.ActiveCfg = Debug|Any CPU
		{AF6B2E67-A9AE-474F-9C3E-B82989764E78}.Debug|Any CPU.Build.0 = Debug|Any CPU
		{AF6B2E67-A9AE-474F-9C3E-B82989764E78}.Release|Any CPU.ActiveCfg = Release|Any CPU
		{AF6B2E67-A9AE-474F-9C3E-B82989764E78}.Release|Any CPU.Build.0 = Release|Any CPU
	EndGlobalSection
	GlobalSection(SolutionProperties) = preSolution
		HideSolutionNode = FALSE
	EndGlobalSection
	GlobalSection(ExtensibilityGlobals) = postSolution
		SolutionGuid = {06DA8367-00A1-4518-806E-4257ABB7B357}
	EndGlobalSection
EndGlobal
