
Microsoft Visual Studio Solution File, Format Version 12.00
# Visual Studio Version 17
VisualStudioVersion = 17.14.36623.8 d17.14
MinimumVisualStudioVersion = 10.0.40219.1
Project("{FAE04EC0-301F-11D3-BF4B-00C04F79EFBC}") = "ClassTask11.04.2025", "ClassTask11.04.2025\ClassTask11.04.2025.csproj", "{BE0F531E-E820-4C76-8715-7FBAFB5E7DE6}"
EndProject
Global
	GlobalSection(SolutionConfigurationPlatforms) = preSolution
		Debug|Any CPU = Debug|Any CPU
		Release|Any CPU = Release|Any CPU
	EndGlobalSection
	GlobalSection(ProjectConfigurationPlatforms) = postSolution
		{BE0F531E-E820-4C76-8715-7FBAFB5E7DE6}.Debug|Any CPU.ActiveCfg = Debug|Any CPU
		{BE0F531E-E820-4C76-8715-7FBAFB5E7DE6}.Debug|Any CPU.Build.0 = Debug|Any CPU
		{BE0F531E-E820-4C76-8715-7FBAFB5E7DE6}.Release|Any CPU.ActiveCfg = Release|Any CPU
		{BE0F531E-E820-4C76-8715-7FBAFB5E7DE6}.Release|Any CPU.Build.0 = Release|Any CPU
	EndGlobalSection
	GlobalSection(SolutionProperties) = preSolution
		HideSolutionNode = FALSE
	EndGlobalSection
	GlobalSection(ExtensibilityGlobals) = postSolution
		SolutionGuid = {E8D60CCC-526C-4621-BAB1-D15F76A76BBB}
	EndGlobalSection
EndGlobal
